
Microsoft Visual Studio Solution File, Format Version 12.00
# Visual Studio 2012
Project("{8BC9CEB8-8B4A-11D0-8D11-00A0C91BC942}") = "DVRPBTW", "DVRPBTW\DVRPBTW.vcxproj", "{D5362BD2-894F-489A-A153-CDBA548214B0}"
EndProject
Global
	GlobalSection(SolutionConfigurationPlatforms) = preSolution
		Debug|Win32 = Debug|Win32
		Release|Win32 = Release|Win32
	EndGlobalSection
	GlobalSection(ProjectConfigurationPlatforms) = postSolution
		{D5362BD2-894F-489A-A153-CDBA548214B0}.Debug|Win32.ActiveCfg = Debug|Win32
		{D5362BD2-894F-489A-A153-CDBA548214B0}.Debug|Win32.Build.0 = Debug|Win32
		{D5362BD2-894F-489A-A153-CDBA548214B0}.Release|Win32.ActiveCfg = Release|Win32
		{D5362BD2-894F-489A-A153-CDBA548214B0}.Release|Win32.Build.0 = Release|Win32
	EndGlobalSection
	GlobalSection(SolutionProperties) = preSolution
		HideSolutionNode = FALSE
	EndGlobalSection
EndGlobal
